
Microsoft Visual Studio Solution File, Format Version 12.00
# Visual Studio Version 17
VisualStudioVersion = 17.0.31825.309
MinimumVisualStudioVersion = 10.0.40219.1
Project("{888888A0-9F3D-457C-B088-3A5042F75D52}") = "Introduction to Python", "Introduction to Python.pyproj", "{8DF846EE-D28B-4375-BCF9-19DA6D890EFF}"
EndProject
Global
	GlobalSection(SolutionConfigurationPlatforms) = preSolution
		Debug|Any CPU = Debug|Any CPU
		Release|Any CPU = Release|Any CPU
	EndGlobalSection
	GlobalSection(ProjectConfigurationPlatforms) = postSolution
		{8DF846EE-D28B-4375-BCF9-19DA6D890EFF}.Debug|Any CPU.ActiveCfg = Debug|Any CPU
		{8DF846EE-D28B-4375-BCF9-19DA6D890EFF}.Release|Any CPU.ActiveCfg = Release|Any CPU
	EndGlobalSection
	GlobalSection(SolutionProperties) = preSolution
		HideSolutionNode = FALSE
	EndGlobalSection
	GlobalSection(ExtensibilityGlobals) = postSolution
		SolutionGuid = {830F004F-B54D-404F-B64A-C2F1DA54E463}
	EndGlobalSection
EndGlobal
